<?xml version="1.0" encoding="utf-8"?>
<Project ToolsVersion="4.0" xmlns="http://schemas.microsoft.com/developer/msbuild/2003">
  <ItemGroup>
    <Filter Include="Source Files">
      <UniqueIdentifier>{4FC737F1-C7A5-4376-A066-2A32D752A2FF}</UniqueIdentifier>
      <Extensions>cpp;c;cc;cxx;c++;cppm;ixx;def;odl;idl;hpj;bat;asm;asmx</Extensions>
    </Filter>
    <Filter Include="Header Files">
      <UniqueIdentifier>{93995380-89BD-4b04-88EB-625FBE52EBFB}</UniqueIdentifier>
      <Extensions>h;hh;hpp;hxx;h++;hm;inl;inc;ipp;xsd</Extensions>
    </Filter>
    <Filter Include="Resource Files">
      <UniqueIdentifier>{67DA6AB6-F800-4c08-8B7A-83BB121AAD01}</UniqueIdentifier>
      <Extensions>rc;ico;cur;bmp;dlg;rc2;rct;bin;rgs;gif;jpg;jpeg;jpe;resx;tiff;tif;png;wav;mfcribbon-ms</Extensions>
    </Filter>
    <Filter Include="Source Files\shaders">
      <UniqueIdentifier>{bcc09100-03ff-4aad-9f27-d5e1c767e115}</UniqueIdentifier>
    </Filter>
    <Filter Include="Source Files\world">
      <UniqueIdentifier>{a9bee901-8f77-4cb2-abf9-b0341286279d}</UniqueIdentifier>
    </Filter>
    <Filter Include="Source Files\renderables">
      <UniqueIdentifier>{9d5792f5-2c35-43af-9104-5c6bb6d0fb1c}</UniqueIdentifier>
    </Filter>
    <Filter Include="Source Files\engine">
      <UniqueIdentifier>{bd69f706-7b22-440c-958d-45a3afcbaa09}</UniqueIdentifier>
    </Filter>
    <Filter Include="Source Files\libraries">
      <UniqueIdentifier>{3981fb8a-5f57-411d-bd2d-d5333f72e9a6}</UniqueIdentifier>
    </Filter>
    <Filter Include="Header Files\engine">
      <UniqueIdentifier>{6a6d4090-0495-441b-adae-2f8b68bec481}</UniqueIdentifier>
    </Filter>
    <Filter Include="Header Files\libraries">
      <UniqueIdentifier>{d0f4a7b7-5f9c-414b-bbfe-7f885eb5a691}</UniqueIdentifier>
    </Filter>
    <Filter Include="Header Files\world">
      <UniqueIdentifier>{6656a5e1-9fd4-4c99-8ca3-53adbd41bc0b}</UniqueIdentifier>
    </Filter>
    <Filter Include="Header Files\shaders">
      <UniqueIdentifier>{fe0cf056-9972-4b16-91c0-8eb1b1741a21}</UniqueIdentifier>
    </Filter>
    <Filter Include="Header Files\renderables">
      <UniqueIdentifier>{6d715786-f388-4d50-aea6-677c098dfe59}</UniqueIdentifier>
    </Filter>
    <Filter Include="Source Files\entities">
      <UniqueIdentifier>{e6a5efef-662f-4256-a14e-4243a0f560ea}</UniqueIdentifier>
    </Filter>
    <Filter Include="Header Files\entities">
      <UniqueIdentifier>{d52d4824-20fe-467a-986b-df620534ea1e}</UniqueIdentifier>
    </Filter>
  </ItemGroup>
  <ItemGroup>
    <ClCompile Include="main.cpp">
      <Filter>Source Files</Filter>
    </ClCompile>
    <ClCompile Include="chunk_shader.cpp">
      <Filter>Source Files\shaders</Filter>
    </ClCompile>
    <ClCompile Include="default_shader.cpp">
      <Filter>Source Files\shaders</Filter>
    </ClCompile>
    <ClCompile Include="shader_program.cpp">
      <Filter>Source Files\shaders</Filter>
    </ClCompile>
    <ClCompile Include="skybox_shader.cpp">
      <Filter>Source Files\shaders</Filter>
    </ClCompile>
    <ClCompile Include="chunk_manager.cpp">
      <Filter>Source Files\world</Filter>
    </ClCompile>
    <ClCompile Include="cube_marcher.cpp">
      <Filter>Source Files\world</Filter>
    </ClCompile>
    <ClCompile Include="generator.cpp">
      <Filter>Source Files\world</Filter>
    </ClCompile>
    <ClCompile Include="chunk.cpp">
      <Filter>Source Files\world</Filter>
    </ClCompile>
    <ClCompile Include="model.cpp">
      <Filter>Source Files\renderables</Filter>
    </ClCompile>
    <ClCompile Include="multitexture_model.cpp">
      <Filter>Source Files\renderables</Filter>
    </ClCompile>
    <ClCompile Include="textured_model.cpp">
      <Filter>Source Files\renderables</Filter>
    </ClCompile>
    <ClCompile Include="world_map.cpp">
      <Filter>Source Files\world</Filter>
    </ClCompile>
    <ClCompile Include="texture.cpp">
      <Filter>Source Files\renderables</Filter>
    </ClCompile>
    <ClCompile Include="camera.cpp">
      <Filter>Source Files\engine</Filter>
    </ClCompile>
    <ClCompile Include="glad.c">
      <Filter>Source Files\libraries</Filter>
    </ClCompile>
    <ClCompile Include="SimplexNoise.cpp">
      <Filter>Source Files\libraries</Filter>
    </ClCompile>
    <ClCompile Include="skybox.cpp">
      <Filter>Source Files\engine</Filter>
    </ClCompile>
    <ClCompile Include="water_shader.cpp">
      <Filter>Source Files\shaders</Filter>
    </ClCompile>
    <ClCompile Include="water.cpp">
      <Filter>Source Files\engine</Filter>
    </ClCompile>
    <ClCompile Include="player.cpp">
      <Filter>Source Files\entities</Filter>
    </ClCompile>
  </ItemGroup>
  <ItemGroup>
    <ClInclude Include="config.h">
      <Filter>Header Files</Filter>
    </ClInclude>
    <ClInclude Include="camera.h">
      <Filter>Header Files\engine</Filter>
    </ClInclude>
    <ClInclude Include="SimplexNoise.h">
      <Filter>Header Files\libraries</Filter>
    </ClInclude>
    <ClInclude Include="stb_image.h">
      <Filter>Header Files\libraries</Filter>
    </ClInclude>
    <ClInclude Include="chunk.h">
      <Filter>Header Files\world</Filter>
    </ClInclude>
    <ClInclude Include="chunk_manager.h">
      <Filter>Header Files\world</Filter>
    </ClInclude>
    <ClInclude Include="cube_marcher.h">
      <Filter>Header Files\world</Filter>
    </ClInclude>
    <ClInclude Include="generator.h">
      <Filter>Header Files\world</Filter>
    </ClInclude>
    <ClInclude Include="world_map.h">
      <Filter>Header Files\world</Filter>
    </ClInclude>
    <ClInclude Include="chunk_shader.h">
      <Filter>Header Files\shaders</Filter>
    </ClInclude>
    <ClInclude Include="entity_shader.h">
      <Filter>Header Files\shaders</Filter>
    </ClInclude>
    <ClInclude Include="default_shader.h">
      <Filter>Header Files\shaders</Filter>
    </ClInclude>
    <ClInclude Include="skybox_shader.h">
      <Filter>Header Files\shaders</Filter>
    </ClInclude>
    <ClInclude Include="shader_program.h">
      <Filter>Header Files\shaders</Filter>
    </ClInclude>
    <ClInclude Include="entity.h">
      <Filter>Header Files\engine</Filter>
    </ClInclude>
    <ClInclude Include="model.h">
      <Filter>Header Files\renderables</Filter>
    </ClInclude>
    <ClInclude Include="multitexture_model.h">
      <Filter>Header Files\renderables</Filter>
    </ClInclude>
    <ClInclude Include="obj_loader.h">
      <Filter>Header Files\renderables</Filter>
    </ClInclude>
    <ClInclude Include="renderable.h">
      <Filter>Header Files\renderables</Filter>
    </ClInclude>
    <ClInclude Include="texture.h">
      <Filter>Header Files\renderables</Filter>
    </ClInclude>
    <ClInclude Include="textured_model.h">
      <Filter>Header Files\renderables</Filter>
    </ClInclude>
    <ClInclude Include="skybox.h">
      <Filter>Header Files\engine</Filter>
    </ClInclude>
    <ClInclude Include="water.h">
      <Filter>Header Files\engine</Filter>
    </ClInclude>
    <ClInclude Include="water_shader.h">
      <Filter>Header Files\shaders</Filter>
    </ClInclude>
    <ClInclude Include="player.h">
      <Filter>Header Files\entities</Filter>
    </ClInclude>
  </ItemGroup>
  <ItemGroup>
    <Image Include="res\textures\snow.png">
      <Filter>Resource Files</Filter>
    </Image>
    <Image Include="res\textures\wood.png">
      <Filter>Resource Files</Filter>
    </Image>
    <Image Include="res\textures\ice.png">
      <Filter>Resource Files</Filter>
    </Image>
  </ItemGroup>
</Project>